
Microsoft Visual Studio Solution File, Format Version 12.00
# Visual Studio Version 17
VisualStudioVersion = 17.8.34330.188
MinimumVisualStudioVersion = 10.0.40219.1
Project("{FAE04EC0-301F-11D3-BF4B-00C04F79EFBC}") = "SoraBack", "SoraBack\SoraBack.csproj", "{DCCF0CF3-387C-41DB-98A5-B6D8BBC62B00}"
EndProject
Global
	GlobalSection(SolutionConfigurationPlatforms) = preSolution
		Debug|Any CPU = Debug|Any CPU
		Release|Any CPU = Release|Any CPU
	EndGlobalSection
	GlobalSection(ProjectConfigurationPlatforms) = postSolution
		{DCCF0CF3-387C-41DB-98A5-B6D8BBC62B00}.Debug|Any CPU.ActiveCfg = Debug|Any CPU
		{DCCF0CF3-387C-41DB-98A5-B6D8BBC62B00}.Debug|Any CPU.Build.0 = Debug|Any CPU
		{DCCF0CF3-387C-41DB-98A5-B6D8BBC62B00}.Release|Any CPU.ActiveCfg = Release|Any CPU
		{DCCF0CF3-387C-41DB-98A5-B6D8BBC62B00}.Release|Any CPU.Build.0 = Release|Any CPU
	EndGlobalSection
	GlobalSection(SolutionProperties) = preSolution
		HideSolutionNode = FALSE
	EndGlobalSection
	GlobalSection(ExtensibilityGlobals) = postSolution
		SolutionGuid = {5295C5B6-10A2-4DA3-A945-8313BFAD0BA2}
	EndGlobalSection
EndGlobal
